
Microsoft Visual Studio Solution File, Format Version 12.00
# Visual Studio Version 17
VisualStudioVersion = 17.10.35027.167
MinimumVisualStudioVersion = 10.0.40219.1
Project("{FAE04EC0-301F-11D3-BF4B-00C04F79EFBC}") = "DataBinding2429841", "DataBinding2429841\DataBinding2429841.csproj", "{3C940EDE-7C20-4221-9BAF-3D740A482DD8}"
EndProject
Global
	GlobalSection(SolutionConfigurationPlatforms) = preSolution
		Debug|Any CPU = Debug|Any CPU
		Release|Any CPU = Release|Any CPU
	EndGlobalSection
	GlobalSection(ProjectConfigurationPlatforms) = postSolution
		{3C940EDE-7C20-4221-9BAF-3D740A482DD8}.Debug|Any CPU.ActiveCfg = Debug|Any CPU
		{3C940EDE-7C20-4221-9BAF-3D740A482DD8}.Debug|Any CPU.Build.0 = Debug|Any CPU
		{3C940EDE-7C20-4221-9BAF-3D740A482DD8}.Debug|Any CPU.Deploy.0 = Debug|Any CPU
		{3C940EDE-7C20-4221-9BAF-3D740A482DD8}.Release|Any CPU.ActiveCfg = Release|Any CPU
		{3C940EDE-7C20-4221-9BAF-3D740A482DD8}.Release|Any CPU.Build.0 = Release|Any CPU
		{3C940EDE-7C20-4221-9BAF-3D740A482DD8}.Release|Any CPU.Deploy.0 = Release|Any CPU
	EndGlobalSection
	GlobalSection(SolutionProperties) = preSolution
		HideSolutionNode = FALSE
	EndGlobalSection
	GlobalSection(ExtensibilityGlobals) = postSolution
		SolutionGuid = {E8AE11C9-75E9-4BD0-95E3-BB509C2A926E}
	EndGlobalSection
EndGlobal
